// !$*UTF8*$!
{
	archiveVersion = 1;
	classes = {
	};
	objectVersion = 51;
	objects = {

/* Begin PBXBuildFile section */
		A31C8C81243BE0CE00C6084D /* Installation.swift in Sources */ = {isa = PBXBuildFile; fileRef = A31C8C80243BE0CE00C6084D /* Installation.swift */; };
		A31C8C83243CB99200C6084D /* CalendarViewModel.swift in Sources */ = {isa = PBXBuildFile; fileRef = A31C8C82243CB99200C6084D /* CalendarViewModel.swift */; };
		A33AFF10243BA7E50027C216 /* DataFetcher.swift in Sources */ = {isa = PBXBuildFile; fileRef = A33AFF0F243BA7E50027C216 /* DataFetcher.swift */; };
		A344190C243676AB0038ACD3 /* Constants.swift in Sources */ = {isa = PBXBuildFile; fileRef = A344190B243676AB0038ACD3 /* Constants.swift */; };
		A348CFD9243EB56800AF56D8 /* PasscodeField.swift in Sources */ = {isa = PBXBuildFile; fileRef = A348CFD8243EB56800AF56D8 /* PasscodeField.swift */; };
		A36F2D1D243BB48F00E1674A /* Utilities.swift in Sources */ = {isa = PBXBuildFile; fileRef = A36F2D1C243BB48F00E1674A /* Utilities.swift */; };
		A36F2D1F243BB67D00E1674A /* GoogleService-Info.plist in Resources */ = {isa = PBXBuildFile; fileRef = A36F2D1E243BB67D00E1674A /* GoogleService-Info.plist */; };
		A394986324377F8E00C0B358 /* InstallationView.swift in Sources */ = {isa = PBXBuildFile; fileRef = A394986224377F8E00C0B358 /* InstallationView.swift */; };
		A39498652437805E00C0B358 /* MapView.swift in Sources */ = {isa = PBXBuildFile; fileRef = A39498642437805E00C0B358 /* MapView.swift */; };
		A39B28D624379EE7003046C5 /* FloorPlanGridView.swift in Sources */ = {isa = PBXBuildFile; fileRef = A39B28D524379EE7003046C5 /* FloorPlanGridView.swift */; };
		A3B38161243663590030582B /* AppDelegate.swift in Sources */ = {isa = PBXBuildFile; fileRef = A3B38160243663590030582B /* AppDelegate.swift */; };
		A3B38163243663590030582B /* SceneDelegate.swift in Sources */ = {isa = PBXBuildFile; fileRef = A3B38162243663590030582B /* SceneDelegate.swift */; };
		A3B38165243663590030582B /* MainView.swift in Sources */ = {isa = PBXBuildFile; fileRef = A3B38164243663590030582B /* MainView.swift */; };
		A3B381672436635B0030582B /* Assets.xcassets in Resources */ = {isa = PBXBuildFile; fileRef = A3B381662436635B0030582B /* Assets.xcassets */; };
		A3B3816A2436635B0030582B /* Preview Assets.xcassets in Resources */ = {isa = PBXBuildFile; fileRef = A3B381692436635B0030582B /* Preview Assets.xcassets */; };
		A3B3816D2436635B0030582B /* LaunchScreen.storyboard in Resources */ = {isa = PBXBuildFile; fileRef = A3B3816B2436635B0030582B /* LaunchScreen.storyboard */; };
		A3C35864243F810900C39162 /* FloorPlanDetailView.swift in Sources */ = {isa = PBXBuildFile; fileRef = A3C35863243F810900C39162 /* FloorPlanDetailView.swift */; };
		A3C587532436A4FD00780909 /* RKMonth.swift in Sources */ = {isa = PBXBuildFile; fileRef = A3C5874C2436A4FD00780909 /* RKMonth.swift */; };
		A3C587542436A4FD00780909 /* RKViewController.swift in Sources */ = {isa = PBXBuildFile; fileRef = A3C5874D2436A4FD00780909 /* RKViewController.swift */; };
		A3C587552436A4FD00780909 /* RKCell.swift in Sources */ = {isa = PBXBuildFile; fileRef = A3C5874E2436A4FD00780909 /* RKCell.swift */; };
		A3C587562436A4FD00780909 /* RKManager.swift in Sources */ = {isa = PBXBuildFile; fileRef = A3C5874F2436A4FD00780909 /* RKManager.swift */; };
		A3C587572436A4FD00780909 /* RKDate.swift in Sources */ = {isa = PBXBuildFile; fileRef = A3C587502436A4FD00780909 /* RKDate.swift */; };
		A3C587582436A4FD00780909 /* RKColorSettings.swift in Sources */ = {isa = PBXBuildFile; fileRef = A3C587512436A4FD00780909 /* RKColorSettings.swift */; };
		A3C587592436A4FD00780909 /* RKWeekdayHeader.swift in Sources */ = {isa = PBXBuildFile; fileRef = A3C587522436A4FD00780909 /* RKWeekdayHeader.swift */; };
		A3D7653A243B684B00C772AF /* CompletedView.swift in Sources */ = {isa = PBXBuildFile; fileRef = A3D76539243B684B00C772AF /* CompletedView.swift */; };
		A3D7653C243B68D100C772AF /* ContactsView.swift in Sources */ = {isa = PBXBuildFile; fileRef = A3D7653B243B68D100C772AF /* ContactsView.swift */; };
		A3D7653E243B68DB00C772AF /* ReferencesView.swift in Sources */ = {isa = PBXBuildFile; fileRef = A3D7653D243B68DB00C772AF /* ReferencesView.swift */; };
		A3F1FDD224368B310008C7F0 /* CalendarView.swift in Sources */ = {isa = PBXBuildFile; fileRef = A3F1FDD124368B310008C7F0 /* CalendarView.swift */; };
		A3F605DB243CFCFE00780235 /* MailView.swift in Sources */ = {isa = PBXBuildFile; fileRef = A3F605DA243CFCFE00780235 /* MailView.swift */; };
		A3F61D11243D3F98003E6B32 /* User.swift in Sources */ = {isa = PBXBuildFile; fileRef = A3F61D10243D3F98003E6B32 /* User.swift */; };
		A3F61D13243D41C7003E6B32 /* Team.swift in Sources */ = {isa = PBXBuildFile; fileRef = A3F61D12243D41C7003E6B32 /* Team.swift */; };
		A3F61D15243D47E0003E6B32 /* ContactsViewModel.swift in Sources */ = {isa = PBXBuildFile; fileRef = A3F61D14243D47E0003E6B32 /* ContactsViewModel.swift */; };
		A3F61D17243D6DF4003E6B32 /* GlobalData.swift in Sources */ = {isa = PBXBuildFile; fileRef = A3F61D16243D6DF4003E6B32 /* GlobalData.swift */; };
		A3F61D19243E130B003E6B32 /* MainViewModel.swift in Sources */ = {isa = PBXBuildFile; fileRef = A3F61D18243E130B003E6B32 /* MainViewModel.swift */; };
		C421D8DA391899005E19BB29 /* Pods_KW_Install.framework in Frameworks */ = {isa = PBXBuildFile; fileRef = 19030538E7CBE4179E897444 /* Pods_KW_Install.framework */; };
/* End PBXBuildFile section */

/* Begin PBXFileReference section */
		1857E659D200020DCAACC6DB /* Pods-KW Install.debug.xcconfig */ = {isa = PBXFileReference; includeInIndex = 1; lastKnownFileType = text.xcconfig; name = "Pods-KW Install.debug.xcconfig"; path = "Target Support Files/Pods-KW Install/Pods-KW Install.debug.xcconfig"; sourceTree = "<group>"; };
		19030538E7CBE4179E897444 /* Pods_KW_Install.framework */ = {isa = PBXFileReference; explicitFileType = wrapper.framework; includeInIndex = 0; path = Pods_KW_Install.framework; sourceTree = BUILT_PRODUCTS_DIR; };
		5C08D834939B1A9C32337DD9 /* Pods-KW InstallTests.release.xcconfig */ = {isa = PBXFileReference; includeInIndex = 1; lastKnownFileType = text.xcconfig; name = "Pods-KW InstallTests.release.xcconfig"; path = "Target Support Files/Pods-KW InstallTests/Pods-KW InstallTests.release.xcconfig"; sourceTree = "<group>"; };
		61B54C82C39B46CC828851D5 /* Pods-KW InstallTests.debug.xcconfig */ = {isa = PBXFileReference; includeInIndex = 1; lastKnownFileType = text.xcconfig; name = "Pods-KW InstallTests.debug.xcconfig"; path = "Target Support Files/Pods-KW InstallTests/Pods-KW InstallTests.debug.xcconfig"; sourceTree = "<group>"; };
		A1EA601CDFBCBB26BD4ACDDA /* Pods-KW Install.release.xcconfig */ = {isa = PBXFileReference; includeInIndex = 1; lastKnownFileType = text.xcconfig; name = "Pods-KW Install.release.xcconfig"; path = "Target Support Files/Pods-KW Install/Pods-KW Install.release.xcconfig"; sourceTree = "<group>"; };
		A31C8C80243BE0CE00C6084D /* Installation.swift */ = {isa = PBXFileReference; lastKnownFileType = sourcecode.swift; path = Installation.swift; sourceTree = "<group>"; };
		A31C8C82243CB99200C6084D /* CalendarViewModel.swift */ = {isa = PBXFileReference; lastKnownFileType = sourcecode.swift; path = CalendarViewModel.swift; sourceTree = "<group>"; };
		A33AFF0F243BA7E50027C216 /* DataFetcher.swift */ = {isa = PBXFileReference; lastKnownFileType = sourcecode.swift; path = DataFetcher.swift; sourceTree = "<group>"; };
		A344190B243676AB0038ACD3 /* Constants.swift */ = {isa = PBXFileReference; lastKnownFileType = sourcecode.swift; path = Constants.swift; sourceTree = "<group>"; };
		A348CFD8243EB56800AF56D8 /* PasscodeField.swift */ = {isa = PBXFileReference; lastKnownFileType = sourcecode.swift; path = PasscodeField.swift; sourceTree = "<group>"; };
		A36F2D1C243BB48F00E1674A /* Utilities.swift */ = {isa = PBXFileReference; lastKnownFileType = sourcecode.swift; path = Utilities.swift; sourceTree = "<group>"; };
		A36F2D1E243BB67D00E1674A /* GoogleService-Info.plist */ = {isa = PBXFileReference; fileEncoding = 4; lastKnownFileType = text.plist.xml; path = "GoogleService-Info.plist"; sourceTree = "<group>"; };
		A394986224377F8E00C0B358 /* InstallationView.swift */ = {isa = PBXFileReference; lastKnownFileType = sourcecode.swift; path = InstallationView.swift; sourceTree = "<group>"; };
		A39498642437805E00C0B358 /* MapView.swift */ = {isa = PBXFileReference; lastKnownFileType = sourcecode.swift; path = MapView.swift; sourceTree = "<group>"; };
		A39B28D524379EE7003046C5 /* FloorPlanGridView.swift */ = {isa = PBXFileReference; lastKnownFileType = sourcecode.swift; path = FloorPlanGridView.swift; sourceTree = "<group>"; };
		A3B3815D243663590030582B /* KW Install.app */ = {isa = PBXFileReference; explicitFileType = wrapper.application; includeInIndex = 0; path = "KW Install.app"; sourceTree = BUILT_PRODUCTS_DIR; };
		A3B38160243663590030582B /* AppDelegate.swift */ = {isa = PBXFileReference; lastKnownFileType = sourcecode.swift; path = AppDelegate.swift; sourceTree = "<group>"; };
		A3B38162243663590030582B /* SceneDelegate.swift */ = {isa = PBXFileReference; lastKnownFileType = sourcecode.swift; path = SceneDelegate.swift; sourceTree = "<group>"; };
		A3B38164243663590030582B /* MainView.swift */ = {isa = PBXFileReference; lastKnownFileType = sourcecode.swift; path = MainView.swift; sourceTree = "<group>"; };
		A3B381662436635B0030582B /* Assets.xcassets */ = {isa = PBXFileReference; lastKnownFileType = folder.assetcatalog; path = Assets.xcassets; sourceTree = "<group>"; };
		A3B381692436635B0030582B /* Preview Assets.xcassets */ = {isa = PBXFileReference; lastKnownFileType = folder.assetcatalog; path = "Preview Assets.xcassets"; sourceTree = "<group>"; };
		A3B3816C2436635B0030582B /* Base */ = {isa = PBXFileReference; lastKnownFileType = file.storyboard; name = Base; path = Base.lproj/LaunchScreen.storyboard; sourceTree = "<group>"; };
		A3B3816E2436635B0030582B /* Info.plist */ = {isa = PBXFileReference; lastKnownFileType = text.plist.xml; path = Info.plist; sourceTree = "<group>"; };
		A3B381772436635B0030582B /* KW_InstallTests.swift */ = {isa = PBXFileReference; lastKnownFileType = sourcecode.swift; path = KW_InstallTests.swift; sourceTree = "<group>"; };
		A3B381792436635B0030582B /* Info.plist */ = {isa = PBXFileReference; lastKnownFileType = text.plist.xml; path = Info.plist; sourceTree = "<group>"; };
		A3B381822436635B0030582B /* KW_InstallUITests.swift */ = {isa = PBXFileReference; lastKnownFileType = sourcecode.swift; path = KW_InstallUITests.swift; sourceTree = "<group>"; };
		A3B381842436635B0030582B /* Info.plist */ = {isa = PBXFileReference; lastKnownFileType = text.plist.xml; path = Info.plist; sourceTree = "<group>"; };
		A3C35863243F810900C39162 /* FloorPlanDetailView.swift */ = {isa = PBXFileReference; lastKnownFileType = sourcecode.swift; path = FloorPlanDetailView.swift; sourceTree = "<group>"; };
		A3C5874C2436A4FD00780909 /* RKMonth.swift */ = {isa = PBXFileReference; fileEncoding = 4; lastKnownFileType = sourcecode.swift; path = RKMonth.swift; sourceTree = "<group>"; };
		A3C5874D2436A4FD00780909 /* RKViewController.swift */ = {isa = PBXFileReference; fileEncoding = 4; lastKnownFileType = sourcecode.swift; path = RKViewController.swift; sourceTree = "<group>"; };
		A3C5874E2436A4FD00780909 /* RKCell.swift */ = {isa = PBXFileReference; fileEncoding = 4; lastKnownFileType = sourcecode.swift; path = RKCell.swift; sourceTree = "<group>"; };
		A3C5874F2436A4FD00780909 /* RKManager.swift */ = {isa = PBXFileReference; fileEncoding = 4; lastKnownFileType = sourcecode.swift; path = RKManager.swift; sourceTree = "<group>"; };
		A3C587502436A4FD00780909 /* RKDate.swift */ = {isa = PBXFileReference; fileEncoding = 4; lastKnownFileType = sourcecode.swift; path = RKDate.swift; sourceTree = "<group>"; };
		A3C587512436A4FD00780909 /* RKColorSettings.swift */ = {isa = PBXFileReference; fileEncoding = 4; lastKnownFileType = sourcecode.swift; path = RKColorSettings.swift; sourceTree = "<group>"; };
		A3C587522436A4FD00780909 /* RKWeekdayHeader.swift */ = {isa = PBXFileReference; fileEncoding = 4; lastKnownFileType = sourcecode.swift; path = RKWeekdayHeader.swift; sourceTree = "<group>"; };
		A3D76539243B684B00C772AF /* CompletedView.swift */ = {isa = PBXFileReference; lastKnownFileType = sourcecode.swift; path = CompletedView.swift; sourceTree = "<group>"; };
		A3D7653B243B68D100C772AF /* ContactsView.swift */ = {isa = PBXFileReference; lastKnownFileType = sourcecode.swift; path = ContactsView.swift; sourceTree = "<group>"; };
		A3D7653D243B68DB00C772AF /* ReferencesView.swift */ = {isa = PBXFileReference; lastKnownFileType = sourcecode.swift; path = ReferencesView.swift; sourceTree = "<group>"; };
		A3F1FDD124368B310008C7F0 /* CalendarView.swift */ = {isa = PBXFileReference; lastKnownFileType = sourcecode.swift; path = CalendarView.swift; sourceTree = "<group>"; };
		A3F605DA243CFCFE00780235 /* MailView.swift */ = {isa = PBXFileReference; lastKnownFileType = sourcecode.swift; path = MailView.swift; sourceTree = "<group>"; };
		A3F61D10243D3F98003E6B32 /* User.swift */ = {isa = PBXFileReference; lastKnownFileType = sourcecode.swift; path = User.swift; sourceTree = "<group>"; };
		A3F61D12243D41C7003E6B32 /* Team.swift */ = {isa = PBXFileReference; lastKnownFileType = sourcecode.swift; path = Team.swift; sourceTree = "<group>"; };
		A3F61D14243D47E0003E6B32 /* ContactsViewModel.swift */ = {isa = PBXFileReference; lastKnownFileType = sourcecode.swift; path = ContactsViewModel.swift; sourceTree = "<group>"; };
		A3F61D16243D6DF4003E6B32 /* GlobalData.swift */ = {isa = PBXFileReference; lastKnownFileType = sourcecode.swift; path = GlobalData.swift; sourceTree = "<group>"; };
		A3F61D18243E130B003E6B32 /* MainViewModel.swift */ = {isa = PBXFileReference; lastKnownFileType = sourcecode.swift; path = MainViewModel.swift; sourceTree = "<group>"; };
		C81F60C6A5B490085D96CC8E /* Pods_KW_InstallTests.framework */ = {isa = PBXFileReference; explicitFileType = wrapper.framework; includeInIndex = 0; path = Pods_KW_InstallTests.framework; sourceTree = BUILT_PRODUCTS_DIR; };
/* End PBXFileReference section */

/* Begin PBXFrameworksBuildPhase section */
		A3B3815A243663590030582B /* Frameworks */ = {
			isa = PBXFrameworksBuildPhase;
			buildActionMask = 2147483647;
			files = (
				C421D8DA391899005E19BB29 /* Pods_KW_Install.framework in Frameworks */,
			);
			runOnlyForDeploymentPostprocessing = 0;
		};
/* End PBXFrameworksBuildPhase section */

/* Begin PBXGroup section */
		6CDB61EF13DB9D01BC6120AE /* Frameworks */ = {
			isa = PBXGroup;
			children = (
				C81F60C6A5B490085D96CC8E /* Pods_KW_InstallTests.framework */,
				19030538E7CBE4179E897444 /* Pods_KW_Install.framework */,
			);
			name = Frameworks;
			sourceTree = "<group>";
		};
		A31C8C7F243BE0C000C6084D /* Model */ = {
			isa = PBXGroup;
			children = (
				A31C8C80243BE0CE00C6084D /* Installation.swift */,
				A3F61D10243D3F98003E6B32 /* User.swift */,
				A3F61D12243D41C7003E6B32 /* Team.swift */,
				A3F61D16243D6DF4003E6B32 /* GlobalData.swift */,
			);
			path = Model;
			sourceTree = "<group>";
		};
		A344190D243688020038ACD3 /* Views */ = {
			isa = PBXGroup;
			children = (
				A3F81975243BA5D700CB68B4 /* MainView */,
				A38FC23624377E7600F1DF05 /* CalendarView */,
				A394986224377F8E00C0B358 /* InstallationView.swift */,
				A3D76539243B684B00C772AF /* CompletedView.swift */,
				A3D7653B243B68D100C772AF /* ContactsView.swift */,
				A3F61D14243D47E0003E6B32 /* ContactsViewModel.swift */,
				A3D7653D243B68DB00C772AF /* ReferencesView.swift */,
				A39B28D524379EE7003046C5 /* FloorPlanGridView.swift */,
				A3C35863243F810900C39162 /* FloorPlanDetailView.swift */,
				A39498642437805E00C0B358 /* MapView.swift */,
				A3F605DA243CFCFE00780235 /* MailView.swift */,
				A348CFD8243EB56800AF56D8 /* PasscodeField.swift */,
			);
			path = Views;
			sourceTree = "<group>";
		};
		A38FC23624377E7600F1DF05 /* CalendarView */ = {
			isa = PBXGroup;
			children = (
				A3F1FDD124368B310008C7F0 /* CalendarView.swift */,
				A31C8C82243CB99200C6084D /* CalendarViewModel.swift */,
				A3C5874D2436A4FD00780909 /* RKViewController.swift */,
				A3C5874E2436A4FD00780909 /* RKCell.swift */,
				A3C587512436A4FD00780909 /* RKColorSettings.swift */,
				A3C587502436A4FD00780909 /* RKDate.swift */,
				A3C5874F2436A4FD00780909 /* RKManager.swift */,
				A3C5874C2436A4FD00780909 /* RKMonth.swift */,
				A3C587522436A4FD00780909 /* RKWeekdayHeader.swift */,
			);
			path = CalendarView;
			sourceTree = "<group>";
		};
		A3B38154243663590030582B = {
			isa = PBXGroup;
			children = (
				A3B3815F243663590030582B /* KW Install */,
				A3B381762436635B0030582B /* KW InstallTests */,
				A3B381812436635B0030582B /* KW InstallUITests */,
				A3B3815E243663590030582B /* Products */,
				A68F91631CD69AECC278FBEE /* Pods */,
				6CDB61EF13DB9D01BC6120AE /* Frameworks */,
			);
			sourceTree = "<group>";
		};
		A3B3815E243663590030582B /* Products */ = {
			isa = PBXGroup;
			children = (
				A3B3815D243663590030582B /* KW Install.app */,
			);
			name = Products;
			sourceTree = "<group>";
		};
		A3B3815F243663590030582B /* KW Install */ = {
			isa = PBXGroup;
			children = (
				A31C8C7F243BE0C000C6084D /* Model */,
				A344190D243688020038ACD3 /* Views */,
				A3B38160243663590030582B /* AppDelegate.swift */,
				A3B38162243663590030582B /* SceneDelegate.swift */,
				A3B381662436635B0030582B /* Assets.xcassets */,
				A3B3816B2436635B0030582B /* LaunchScreen.storyboard */,
				A3B3816E2436635B0030582B /* Info.plist */,
				A36F2D1E243BB67D00E1674A /* GoogleService-Info.plist */,
				A3B381682436635B0030582B /* Preview Content */,
				A344190B243676AB0038ACD3 /* Constants.swift */,
				A33AFF0F243BA7E50027C216 /* DataFetcher.swift */,
				A36F2D1C243BB48F00E1674A /* Utilities.swift */,
			);
			path = "KW Install";
			sourceTree = "<group>";
		};
		A3B381682436635B0030582B /* Preview Content */ = {
			isa = PBXGroup;
			children = (
				A3B381692436635B0030582B /* Preview Assets.xcassets */,
			);
			path = "Preview Content";
			sourceTree = "<group>";
		};
		A3B381762436635B0030582B /* KW InstallTests */ = {
			isa = PBXGroup;
			children = (
				A3B381772436635B0030582B /* KW_InstallTests.swift */,
				A3B381792436635B0030582B /* Info.plist */,
			);
			path = "KW InstallTests";
			sourceTree = "<group>";
		};
		A3B381812436635B0030582B /* KW InstallUITests */ = {
			isa = PBXGroup;
			children = (
				A3B381822436635B0030582B /* KW_InstallUITests.swift */,
				A3B381842436635B0030582B /* Info.plist */,
			);
			path = "KW InstallUITests";
			sourceTree = "<group>";
		};
		A3F81975243BA5D700CB68B4 /* MainView */ = {
			isa = PBXGroup;
			children = (
				A3B38164243663590030582B /* MainView.swift */,
				A3F61D18243E130B003E6B32 /* MainViewModel.swift */,
			);
			path = MainView;
			sourceTree = "<group>";
		};
		A68F91631CD69AECC278FBEE /* Pods */ = {
			isa = PBXGroup;
			children = (
				61B54C82C39B46CC828851D5 /* Pods-KW InstallTests.debug.xcconfig */,
				5C08D834939B1A9C32337DD9 /* Pods-KW InstallTests.release.xcconfig */,
				1857E659D200020DCAACC6DB /* Pods-KW Install.debug.xcconfig */,
				A1EA601CDFBCBB26BD4ACDDA /* Pods-KW Install.release.xcconfig */,
			);
			path = Pods;
			sourceTree = "<group>";
		};
/* End PBXGroup section */

/* Begin PBXNativeTarget section */
		A3B3815C243663590030582B /* KW Install */ = {
			isa = PBXNativeTarget;
			buildConfigurationList = A3B381872436635B0030582B /* Build configuration list for PBXNativeTarget "KW Install" */;
			buildPhases = (
				FBEADC1C5E40563D241BE67B /* [CP] Check Pods Manifest.lock */,
				A3B38159243663590030582B /* Sources */,
				A3B3815A243663590030582B /* Frameworks */,
				A3B3815B243663590030582B /* Resources */,
				F9ADF457E4F9E65EE7396370 /* [CP] Embed Pods Frameworks */,
			);
			buildRules = (
			);
			dependencies = (
			);
			name = "KW Install";
			productName = "KW Install";
			productReference = A3B3815D243663590030582B /* KW Install.app */;
			productType = "com.apple.product-type.application";
		};
/* End PBXNativeTarget section */

/* Begin PBXProject section */
		A3B38155243663590030582B /* Project object */ = {
			isa = PBXProject;
			attributes = {
				LastSwiftUpdateCheck = 1140;
				LastUpgradeCheck = 1140;
				ORGANIZATIONNAME = "Luke Morse";
				TargetAttributes = {
					A3B3815C243663590030582B = {
						CreatedOnToolsVersion = 11.4;
					};
				};
			};
			buildConfigurationList = A3B38158243663590030582B /* Build configuration list for PBXProject "KW Install" */;
			compatibilityVersion = "Xcode 9.3";
			developmentRegion = en;
			hasScannedForEncodings = 0;
			knownRegions = (
				en,
				Base,
			);
			mainGroup = A3B38154243663590030582B;
			productRefGroup = A3B3815E243663590030582B /* Products */;
			projectDirPath = "";
			projectRoot = "";
			targets = (
				A3B3815C243663590030582B /* KW Install */,
			);
		};
/* End PBXProject section */

/* Begin PBXResourcesBuildPhase section */
		A3B3815B243663590030582B /* Resources */ = {
			isa = PBXResourcesBuildPhase;
			buildActionMask = 2147483647;
			files = (
				A3B3816D2436635B0030582B /* LaunchScreen.storyboard in Resources */,
				A36F2D1F243BB67D00E1674A /* GoogleService-Info.plist in Resources */,
				A3B3816A2436635B0030582B /* Preview Assets.xcassets in Resources */,
				A3B381672436635B0030582B /* Assets.xcassets in Resources */,
			);
			runOnlyForDeploymentPostprocessing = 0;
		};
/* End PBXResourcesBuildPhase section */

/* Begin PBXShellScriptBuildPhase section */
		F9ADF457E4F9E65EE7396370 /* [CP] Embed Pods Frameworks */ = {
			isa = PBXShellScriptBuildPhase;
			buildActionMask = 2147483647;
			files = (
			);
			inputFileListPaths = (
				"${PODS_ROOT}/Target Support Files/Pods-KW Install/Pods-KW Install-frameworks-${CONFIGURATION}-input-files.xcfilelist",
			);
			name = "[CP] Embed Pods Frameworks";
			outputFileListPaths = (
				"${PODS_ROOT}/Target Support Files/Pods-KW Install/Pods-KW Install-frameworks-${CONFIGURATION}-output-files.xcfilelist",
			);
			runOnlyForDeploymentPostprocessing = 0;
			shellPath = /bin/sh;
			shellScript = "\"${PODS_ROOT}/Target Support Files/Pods-KW Install/Pods-KW Install-frameworks.sh\"\n";
			showEnvVarsInLog = 0;
		};
		FBEADC1C5E40563D241BE67B /* [CP] Check Pods Manifest.lock */ = {
			isa = PBXShellScriptBuildPhase;
			buildActionMask = 2147483647;
			files = (
			);
			inputFileListPaths = (
			);
			inputPaths = (
				"${PODS_PODFILE_DIR_PATH}/Podfile.lock",
				"${PODS_ROOT}/Manifest.lock",
			);
			name = "[CP] Check Pods Manifest.lock";
			outputFileListPaths = (
			);
			outputPaths = (
				"$(DERIVED_FILE_DIR)/Pods-KW Install-checkManifestLockResult.txt",
			);
			runOnlyForDeploymentPostprocessing = 0;
			shellPath = /bin/sh;
			shellScript = "diff \"${PODS_PODFILE_DIR_PATH}/Podfile.lock\" \"${PODS_ROOT}/Manifest.lock\" > /dev/null\nif [ $? != 0 ] ; then\n    # print error to STDERR\n    echo \"error: The sandbox is not in sync with the Podfile.lock. Run 'pod install' or update your CocoaPods installation.\" >&2\n    exit 1\nfi\n# This output is used by Xcode 'outputs' to avoid re-running this script phase.\necho \"SUCCESS\" > \"${SCRIPT_OUTPUT_FILE_0}\"\n";
			showEnvVarsInLog = 0;
		};
/* End PBXShellScriptBuildPhase section */

/* Begin PBXSourcesBuildPhase section */
		A3B38159243663590030582B /* Sources */ = {
			isa = PBXSourcesBuildPhase;
			buildActionMask = 2147483647;
			files = (
				A39B28D624379EE7003046C5 /* FloorPlanGridView.swift in Sources */,
				A3F1FDD224368B310008C7F0 /* CalendarView.swift in Sources */,
				A3B38161243663590030582B /* AppDelegate.swift in Sources */,
				A3B38163243663590030582B /* SceneDelegate.swift in Sources */,
				A3C587562436A4FD00780909 /* RKManager.swift in Sources */,
				A31C8C83243CB99200C6084D /* CalendarViewModel.swift in Sources */,
				A394986324377F8E00C0B358 /* InstallationView.swift in Sources */,
				A3F61D19243E130B003E6B32 /* MainViewModel.swift in Sources */,
				A3D7653A243B684B00C772AF /* CompletedView.swift in Sources */,
				A3B38165243663590030582B /* MainView.swift in Sources */,
				A3D7653E243B68DB00C772AF /* ReferencesView.swift in Sources */,
				A31C8C81243BE0CE00C6084D /* Installation.swift in Sources */,
				A3F61D15243D47E0003E6B32 /* ContactsViewModel.swift in Sources */,
				A36F2D1D243BB48F00E1674A /* Utilities.swift in Sources */,
				A3C587552436A4FD00780909 /* RKCell.swift in Sources */,
				A3F61D13243D41C7003E6B32 /* Team.swift in Sources */,
				A39498652437805E00C0B358 /* MapView.swift in Sources */,
				A344190C243676AB0038ACD3 /* Constants.swift in Sources */,
				A348CFD9243EB56800AF56D8 /* PasscodeField.swift in Sources */,
				A3C587532436A4FD00780909 /* RKMonth.swift in Sources */,
				A3C587592436A4FD00780909 /* RKWeekdayHeader.swift in Sources */,
				A3C35864243F810900C39162 /* FloorPlanDetailView.swift in Sources */,
				A3F605DB243CFCFE00780235 /* MailView.swift in Sources */,
				A33AFF10243BA7E50027C216 /* DataFetcher.swift in Sources */,
				A3C587572436A4FD00780909 /* RKDate.swift in Sources */,
				A3F61D11243D3F98003E6B32 /* User.swift in Sources */,
				A3D7653C243B68D100C772AF /* ContactsView.swift in Sources */,
				A3F61D17243D6DF4003E6B32 /* GlobalData.swift in Sources */,
				A3C587542436A4FD00780909 /* RKViewController.swift in Sources */,
				A3C587582436A4FD00780909 /* RKColorSettings.swift in Sources */,
			);
			runOnlyForDeploymentPostprocessing = 0;
		};
/* End PBXSourcesBuildPhase section */

/* Begin PBXVariantGroup section */
		A3B3816B2436635B0030582B /* LaunchScreen.storyboard */ = {
			isa = PBXVariantGroup;
			children = (
				A3B3816C2436635B0030582B /* Base */,
			);
			name = LaunchScreen.storyboard;
			sourceTree = "<group>";
		};
/* End PBXVariantGroup section */

/* Begin XCBuildConfiguration section */
		A3B381852436635B0030582B /* Debug */ = {
			isa = XCBuildConfiguration;
			buildSettings = {
				ALWAYS_SEARCH_USER_PATHS = NO;
				CLANG_ANALYZER_NONNULL = YES;
				CLANG_ANALYZER_NUMBER_OBJECT_CONVERSION = YES_AGGRESSIVE;
				CLANG_CXX_LANGUAGE_STANDARD = "gnu++14";
				CLANG_CXX_LIBRARY = "libc++";
				CLANG_ENABLE_MODULES = YES;
				CLANG_ENABLE_OBJC_ARC = YES;
				CLANG_ENABLE_OBJC_WEAK = YES;
				CLANG_WARN_BLOCK_CAPTURE_AUTORELEASING = YES;
				CLANG_WARN_BOOL_CONVERSION = YES;
				CLANG_WARN_COMMA = YES;
				CLANG_WARN_CONSTANT_CONVERSION = YES;
				CLANG_WARN_DEPRECATED_OBJC_IMPLEMENTATIONS = YES;
				CLANG_WARN_DIRECT_OBJC_ISA_USAGE = YES_ERROR;
				CLANG_WARN_DOCUMENTATION_COMMENTS = YES;
				CLANG_WARN_EMPTY_BODY = YES;
				CLANG_WARN_ENUM_CONVERSION = YES;
				CLANG_WARN_INFINITE_RECURSION = YES;
				CLANG_WARN_INT_CONVERSION = YES;
				CLANG_WARN_NON_LITERAL_NULL_CONVERSION = YES;
				CLANG_WARN_OBJC_IMPLICIT_RETAIN_SELF = YES;
				CLANG_WARN_OBJC_LITERAL_CONVERSION = YES;
				CLANG_WARN_OBJC_ROOT_CLASS = YES_ERROR;
				CLANG_WARN_RANGE_LOOP_ANALYSIS = YES;
				CLANG_WARN_STRICT_PROTOTYPES = YES;
				CLANG_WARN_SUSPICIOUS_MOVE = YES;
				CLANG_WARN_UNGUARDED_AVAILABILITY = YES_AGGRESSIVE;
				CLANG_WARN_UNREACHABLE_CODE = YES;
				CLANG_WARN__DUPLICATE_METHOD_MATCH = YES;
				COPY_PHASE_STRIP = NO;
				DEBUG_INFORMATION_FORMAT = dwarf;
				ENABLE_STRICT_OBJC_MSGSEND = YES;
				ENABLE_TESTABILITY = YES;
				GCC_C_LANGUAGE_STANDARD = gnu11;
				GCC_DYNAMIC_NO_PIC = NO;
				GCC_NO_COMMON_BLOCKS = YES;
				GCC_OPTIMIZATION_LEVEL = 0;
				GCC_PREPROCESSOR_DEFINITIONS = (
					"DEBUG=1",
					"$(inherited)",
				);
				GCC_WARN_64_TO_32_BIT_CONVERSION = YES;
				GCC_WARN_ABOUT_RETURN_TYPE = YES_ERROR;
				GCC_WARN_UNDECLARED_SELECTOR = YES;
				GCC_WARN_UNINITIALIZED_AUTOS = YES_AGGRESSIVE;
				GCC_WARN_UNUSED_FUNCTION = YES;
				GCC_WARN_UNUSED_VARIABLE = YES;
				IPHONEOS_DEPLOYMENT_TARGET = 13.4;
				MTL_ENABLE_DEBUG_INFO = INCLUDE_SOURCE;
				MTL_FAST_MATH = YES;
				ONLY_ACTIVE_ARCH = YES;
				SDKROOT = iphoneos;
				SWIFT_ACTIVE_COMPILATION_CONDITIONS = DEBUG;
				SWIFT_OPTIMIZATION_LEVEL = "-Onone";
			};
			name = Debug;
		};
		A3B381862436635B0030582B /* Release */ = {
			isa = XCBuildConfiguration;
			buildSettings = {
				ALWAYS_SEARCH_USER_PATHS = NO;
				CLANG_ANALYZER_NONNULL = YES;
				CLANG_ANALYZER_NUMBER_OBJECT_CONVERSION = YES_AGGRESSIVE;
				CLANG_CXX_LANGUAGE_STANDARD = "gnu++14";
				CLANG_CXX_LIBRARY = "libc++";
				CLANG_ENABLE_MODULES = YES;
				CLANG_ENABLE_OBJC_ARC = YES;
				CLANG_ENABLE_OBJC_WEAK = YES;
				CLANG_WARN_BLOCK_CAPTURE_AUTORELEASING = YES;
				CLANG_WARN_BOOL_CONVERSION = YES;
				CLANG_WARN_COMMA = YES;
				CLANG_WARN_CONSTANT_CONVERSION = YES;
				CLANG_WARN_DEPRECATED_OBJC_IMPLEMENTATIONS = YES;
				CLANG_WARN_DIRECT_OBJC_ISA_USAGE = YES_ERROR;
				CLANG_WARN_DOCUMENTATION_COMMENTS = YES;
				CLANG_WARN_EMPTY_BODY = YES;
				CLANG_WARN_ENUM_CONVERSION = YES;
				CLANG_WARN_INFINITE_RECURSION = YES;
				CLANG_WARN_INT_CONVERSION = YES;
				CLANG_WARN_NON_LITERAL_NULL_CONVERSION = YES;
				CLANG_WARN_OBJC_IMPLICIT_RETAIN_SELF = YES;
				CLANG_WARN_OBJC_LITERAL_CONVERSION = YES;
				CLANG_WARN_OBJC_ROOT_CLASS = YES_ERROR;
				CLANG_WARN_RANGE_LOOP_ANALYSIS = YES;
				CLANG_WARN_STRICT_PROTOTYPES = YES;
				CLANG_WARN_SUSPICIOUS_MOVE = YES;
				CLANG_WARN_UNGUARDED_AVAILABILITY = YES_AGGRESSIVE;
				CLANG_WARN_UNREACHABLE_CODE = YES;
				CLANG_WARN__DUPLICATE_METHOD_MATCH = YES;
				COPY_PHASE_STRIP = NO;
				DEBUG_INFORMATION_FORMAT = "dwarf-with-dsym";
				ENABLE_NS_ASSERTIONS = NO;
				ENABLE_STRICT_OBJC_MSGSEND = YES;
				GCC_C_LANGUAGE_STANDARD = gnu11;
				GCC_NO_COMMON_BLOCKS = YES;
				GCC_WARN_64_TO_32_BIT_CONVERSION = YES;
				GCC_WARN_ABOUT_RETURN_TYPE = YES_ERROR;
				GCC_WARN_UNDECLARED_SELECTOR = YES;
				GCC_WARN_UNINITIALIZED_AUTOS = YES_AGGRESSIVE;
				GCC_WARN_UNUSED_FUNCTION = YES;
				GCC_WARN_UNUSED_VARIABLE = YES;
				IPHONEOS_DEPLOYMENT_TARGET = 13.4;
				MTL_ENABLE_DEBUG_INFO = NO;
				MTL_FAST_MATH = YES;
				SDKROOT = iphoneos;
				SWIFT_COMPILATION_MODE = wholemodule;
				SWIFT_OPTIMIZATION_LEVEL = "-O";
				VALIDATE_PRODUCT = YES;
			};
			name = Release;
		};
		A3B381882436635B0030582B /* Debug */ = {
			isa = XCBuildConfiguration;
			baseConfigurationReference = 1857E659D200020DCAACC6DB /* Pods-KW Install.debug.xcconfig */;
			buildSettings = {
				ALWAYS_SEARCH_USER_PATHS = "$(inherited)";
				ASSETCATALOG_COMPILER_APPICON_NAME = AppIcon;
				CODE_SIGN_STYLE = Automatic;
				DEVELOPMENT_ASSET_PATHS = "\"KW Install/Preview Content\"";
				DEVELOPMENT_TEAM = 4Z8CKPY35P;
				ENABLE_PREVIEWS = YES;
				INFOPLIST_FILE = "KW Install/Info.plist";
				IPHONEOS_DEPLOYMENT_TARGET = 13.3;
				LD_RUNPATH_SEARCH_PATHS = (
					"$(inherited)",
					"@executable_path/Frameworks",
				);
				PRODUCT_BUNDLE_IDENTIFIER = "com.lukemorse.KW-Install";
				PRODUCT_NAME = "$(TARGET_NAME)";
				SWIFT_VERSION = 5.0;
				TARGETED_DEVICE_FAMILY = "1,2";
			};
			name = Debug;
		};
		A3B381892436635B0030582B /* Release */ = {
			isa = XCBuildConfiguration;
			baseConfigurationReference = A1EA601CDFBCBB26BD4ACDDA /* Pods-KW Install.release.xcconfig */;
			buildSettings = {
				ALWAYS_SEARCH_USER_PATHS = "$(inherited)";
				ASSETCATALOG_COMPILER_APPICON_NAME = AppIcon;
				CODE_SIGN_STYLE = Automatic;
				DEVELOPMENT_ASSET_PATHS = "\"KW Install/Preview Content\"";
				DEVELOPMENT_TEAM = 4Z8CKPY35P;
				ENABLE_PREVIEWS = YES;
				INFOPLIST_FILE = "KW Install/Info.plist";
				IPHONEOS_DEPLOYMENT_TARGET = 13.3;
				LD_RUNPATH_SEARCH_PATHS = (
					"$(inherited)",
					"@executable_path/Frameworks",
				);
				PRODUCT_BUNDLE_IDENTIFIER = "com.lukemorse.KW-Install";
				PRODUCT_NAME = "$(TARGET_NAME)";
				SWIFT_VERSION = 5.0;
				TARGETED_DEVICE_FAMILY = "1,2";
			};
			name = Release;
		};
/* End XCBuildConfiguration section */

/* Begin XCConfigurationList section */
		A3B38158243663590030582B /* Build configuration list for PBXProject "KW Install" */ = {
			isa = XCConfigurationList;
			buildConfigurations = (
				A3B381852436635B0030582B /* Debug */,
				A3B381862436635B0030582B /* Release */,
			);
			defaultConfigurationIsVisible = 0;
			defaultConfigurationName = Release;
		};
		A3B381872436635B0030582B /* Build configuration list for PBXNativeTarget "KW Install" */ = {
			isa = XCConfigurationList;
			buildConfigurations = (
				A3B381882436635B0030582B /* Debug */,
				A3B381892436635B0030582B /* Release */,
			);
			defaultConfigurationIsVisible = 0;
			defaultConfigurationName = Release;
		};
/* End XCConfigurationList section */
	};
	rootObject = A3B38155243663590030582B /* Project object */;
}
